Microsoft Visual Studio Solution File, Format Version 11.00
# Visual Studio 2008

Project("{2D92627C-8FBD-ED4C-035D-0BFE7F47E9EA}") = "pizarra", "Assembly-CSharp.csproj", "{0342EE80-55F5-5B8B-C4DB-0EC7910E6452}"
EndProject
Global
	GlobalSection(SolutionConfigurationPlatforms) = preSolution
		Debug|Any CPU = Debug|Any CPU
		Release|Any CPU = Release|Any CPU
	EndGlobalSection
	GlobalSection(ProjectConfigurationPlatforms) = postSolution
		{0342EE80-55F5-5B8B-C4DB-0EC7910E6452}.Debug|Any CPU.ActiveCfg = Debug|Any CPU
		{0342EE80-55F5-5B8B-C4DB-0EC7910E6452}.Debug|Any CPU.Build.0 = Debug|Any CPU
		{0342EE80-55F5-5B8B-C4DB-0EC7910E6452}.Release|Any CPU.ActiveCfg = Release|Any CPU
		{0342EE80-55F5-5B8B-C4DB-0EC7910E6452}.Release|Any CPU.Build.0 = Release|Any CPU
	EndGlobalSection
	GlobalSection(SolutionProperties) = preSolution
		HideSolutionNode = FALSE
	EndGlobalSection
	GlobalSection(MonoDevelopProperties) = preSolution
		StartupItem = Assembly-CSharp.csproj
	EndGlobalSection
EndGlobal
